
Microsoft Visual Studio Solution File, Format Version 12.00
# Visual Studio 14
VisualStudioVersion = 14.0.25420.1
MinimumVisualStudioVersion = 10.0.40219.1
Project("{FAE04EC0-301F-11D3-BF4B-00C04F79EFBC}") = "windbg-debug", "windbg-debug\windbg-debug.csproj", "{9D44FB43-46EE-426E-B91E-A65344B00DEE}"
EndProject
Project("{FAE04EC0-301F-11D3-BF4B-00C04F79EFBC}") = "VSCodeDebug", "VSCodeDebug\VSCodeDebug.csproj", "{334BDA32-8134-4BCE-8974-CB9E7E3C5ABB}"
EndProject
Global
	GlobalSection(SolutionConfigurationPlatforms) = preSolution
		Debug|Any CPU = Debug|Any CPU
		Release|Any CPU = Release|Any CPU
	EndGlobalSection
	GlobalSection(ProjectConfigurationPlatforms) = postSolution
		{9D44FB43-46EE-426E-B91E-A65344B00DEE}.Debug|Any CPU.ActiveCfg = Debug|Any CPU
		{9D44FB43-46EE-426E-B91E-A65344B00DEE}.Debug|Any CPU.Build.0 = Debug|Any CPU
		{9D44FB43-46EE-426E-B91E-A65344B00DEE}.Release|Any CPU.ActiveCfg = Release|Any CPU
		{9D44FB43-46EE-426E-B91E-A65344B00DEE}.Release|Any CPU.Build.0 = Release|Any CPU
		{334BDA32-8134-4BCE-8974-CB9E7E3C5ABB}.Debug|Any CPU.ActiveCfg = Debug|Any CPU
		{334BDA32-8134-4BCE-8974-CB9E7E3C5ABB}.Debug|Any CPU.Build.0 = Debug|Any CPU
		{334BDA32-8134-4BCE-8974-CB9E7E3C5ABB}.Release|Any CPU.ActiveCfg = Release|Any CPU
		{334BDA32-8134-4BCE-8974-CB9E7E3C5ABB}.Release|Any CPU.Build.0 = Release|Any CPU
	EndGlobalSection
	GlobalSection(SolutionProperties) = preSolution
		HideSolutionNode = FALSE
	EndGlobalSection
EndGlobal
